// !$*UTF8*$!
{
	archiveVersion = 1;
	classes = {
	};
	objectVersion = 56;
	objects = {

/* Begin PBXBuildFile section */
		F2CCADF229FC670D00081899 /* NovawaveManagementAppApp.swift in Sources */ = {isa = PBXBuildFile; fileRef = F2CCADF129FC670D00081899 /* NovawaveManagementAppApp.swift */; };
		F2CCADF429FC670D00081899 /* CustomerListView.swift in Sources */ = {isa = PBXBuildFile; fileRef = F2CCADF329FC670D00081899 /* CustomerListView.swift */; };
		F2CCADF629FC671000081899 /* Assets.xcassets in Resources */ = {isa = PBXBuildFile; fileRef = F2CCADF529FC671000081899 /* Assets.xcassets */; };
		F2CCADF929FC671000081899 /* Preview Assets.xcassets in Resources */ = {isa = PBXBuildFile; fileRef = F2CCADF829FC671000081899 /* Preview Assets.xcassets */; };
		F2CCAE0029FC67AC00081899 /* LoginView.swift in Sources */ = {isa = PBXBuildFile; fileRef = F2CCADFF29FC67AC00081899 /* LoginView.swift */; };
		F2CCAE0229FC681600081899 /* Customer.swift in Sources */ = {isa = PBXBuildFile; fileRef = F2CCAE0129FC681600081899 /* Customer.swift */; };
		F2CCAE0429FC684000081899 /* CustomerDetailView.swift in Sources */ = {isa = PBXBuildFile; fileRef = F2CCAE0329FC684000081899 /* CustomerDetailView.swift */; };
		F2CCAE0629FC6A2500081899 /* CustomerViewModel.swift in Sources */ = {isa = PBXBuildFile; fileRef = F2CCAE0529FC6A2500081899 /* CustomerViewModel.swift */; };
		F2CCAE0829FC6B2700081899 /* Room.swift in Sources */ = {isa = PBXBuildFile; fileRef = F2CCAE0729FC6B2700081899 /* Room.swift */; };
		F2CCAE0A29FC6BB000081899 /* RoomView.swift in Sources */ = {isa = PBXBuildFile; fileRef = F2CCAE0929FC6BB000081899 /* RoomView.swift */; };
		F2CCAE0C29FC6CC100081899 /* RoomViewModel.swift in Sources */ = {isa = PBXBuildFile; fileRef = F2CCAE0B29FC6CC100081899 /* RoomViewModel.swift */; };
		F2CCAE0E29FC99B400081899 /* GoogleService-Info.plist in Resources */ = {isa = PBXBuildFile; fileRef = F2CCAE0D29FC99B300081899 /* GoogleService-Info.plist */; };
		F2CCAE1129FC9A5100081899 /* FirebaseAuth in Frameworks */ = {isa = PBXBuildFile; productRef = F2CCAE1029FC9A5100081899 /* FirebaseAuth */; };
		F2CCAE1329FC9A5100081899 /* FirebaseFirestore in Frameworks */ = {isa = PBXBuildFile; productRef = F2CCAE1229FC9A5100081899 /* FirebaseFirestore */; };
		F2CCAE1529FC9A5100081899 /* FirebaseFirestoreSwift in Frameworks */ = {isa = PBXBuildFile; productRef = F2CCAE1429FC9A5100081899 /* FirebaseFirestoreSwift */; };
		F2CCAE1729FC9A5100081899 /* FirebaseStorage in Frameworks */ = {isa = PBXBuildFile; productRef = F2CCAE1629FC9A5100081899 /* FirebaseStorage */; };
/* End PBXBuildFile section */

/* Begin PBXFileReference section */
		F2CCADEE29FC670D00081899 /* NovawaveManagementApp.app */ = {isa = PBXFileReference; explicitFileType = wrapper.application; includeInIndex = 0; path = NovawaveManagementApp.app; sourceTree = BUILT_PRODUCTS_DIR; };
		F2CCADF129FC670D00081899 /* NovawaveManagementAppApp.swift */ = {isa = PBXFileReference; lastKnownFileType = sourcecode.swift; path = NovawaveManagementAppApp.swift; sourceTree = "<group>"; };
		F2CCADF329FC670D00081899 /* CustomerListView.swift */ = {isa = PBXFileReference; lastKnownFileType = sourcecode.swift; path = CustomerListView.swift; sourceTree = "<group>"; };
		F2CCADF529FC671000081899 /* Assets.xcassets */ = {isa = PBXFileReference; lastKnownFileType = folder.assetcatalog; path = Assets.xcassets; sourceTree = "<group>"; };
		F2CCADF829FC671000081899 /* Preview Assets.xcassets */ = {isa = PBXFileReference; lastKnownFileType = folder.assetcatalog; path = "Preview Assets.xcassets"; sourceTree = "<group>"; };
		F2CCADFF29FC67AC00081899 /* LoginView.swift */ = {isa = PBXFileReference; lastKnownFileType = sourcecode.swift; path = LoginView.swift; sourceTree = "<group>"; };
		F2CCAE0129FC681600081899 /* Customer.swift */ = {isa = PBXFileReference; lastKnownFileType = sourcecode.swift; path = Customer.swift; sourceTree = "<group>"; };
		F2CCAE0329FC684000081899 /* CustomerDetailView.swift */ = {isa = PBXFileReference; lastKnownFileType = sourcecode.swift; path = CustomerDetailView.swift; sourceTree = "<group>"; };
		F2CCAE0529FC6A2500081899 /* CustomerViewModel.swift */ = {isa = PBXFileReference; lastKnownFileType = sourcecode.swift; path = CustomerViewModel.swift; sourceTree = "<group>"; };
		F2CCAE0729FC6B2700081899 /* Room.swift */ = {isa = PBXFileReference; lastKnownFileType = sourcecode.swift; path = Room.swift; sourceTree = "<group>"; };
		F2CCAE0929FC6BB000081899 /* RoomView.swift */ = {isa = PBXFileReference; lastKnownFileType = sourcecode.swift; path = RoomView.swift; sourceTree = "<group>"; };
		F2CCAE0B29FC6CC100081899 /* RoomViewModel.swift */ = {isa = PBXFileReference; lastKnownFileType = sourcecode.swift; path = RoomViewModel.swift; sourceTree = "<group>"; };
		F2CCAE0D29FC99B300081899 /* GoogleService-Info.plist */ = {isa = PBXFileReference; lastKnownFileType = text.plist; path = "GoogleService-Info.plist"; sourceTree = SOURCE_ROOT; };
/* End PBXFileReference section */

/* Begin PBXFrameworksBuildPhase section */
		F2CCADEB29FC670D00081899 /* Frameworks */ = {
			isa = PBXFrameworksBuildPhase;
			buildActionMask = 2147483647;
			files = (
				F2CCAE1129FC9A5100081899 /* FirebaseAuth in Frameworks */,
				F2CCAE1729FC9A5100081899 /* FirebaseStorage in Frameworks */,
				F2CCAE1329FC9A5100081899 /* FirebaseFirestore in Frameworks */,
				F2CCAE1529FC9A5100081899 /* FirebaseFirestoreSwift in Frameworks */,
			);
			runOnlyForDeploymentPostprocessing = 0;
		};
/* End PBXFrameworksBuildPhase section */

/* Begin PBXGroup section */
		F2CCADE529FC670D00081899 = {
			isa = PBXGroup;
			children = (
				F2CCADF029FC670D00081899 /* NovawaveManagementApp */,
				F2CCADEF29FC670D00081899 /* Products */,
			);
			sourceTree = "<group>";
		};
		F2CCADEF29FC670D00081899 /* Products */ = {
			isa = PBXGroup;
			children = (
				F2CCADEE29FC670D00081899 /* NovawaveManagementApp.app */,
			);
			name = Products;
			sourceTree = "<group>";
		};
		F2CCADF029FC670D00081899 /* NovawaveManagementApp */ = {
			isa = PBXGroup;
			children = (
				F2CCADF129FC670D00081899 /* NovawaveManagementAppApp.swift */,
				F2CCADFF29FC67AC00081899 /* LoginView.swift */,
				F2CCAE0129FC681600081899 /* Customer.swift */,
				F2CCAE0729FC6B2700081899 /* Room.swift */,
				F2CCAE0529FC6A2500081899 /* CustomerViewModel.swift */,
				F2CCAE0B29FC6CC100081899 /* RoomViewModel.swift */,
				F2CCADF329FC670D00081899 /* CustomerListView.swift */,
				F2CCAE0329FC684000081899 /* CustomerDetailView.swift */,
				F2CCAE0929FC6BB000081899 /* RoomView.swift */,
				F2CCAE0D29FC99B300081899 /* GoogleService-Info.plist */,
				F2CCADF529FC671000081899 /* Assets.xcassets */,
				F2CCADF729FC671000081899 /* Preview Content */,
			);
			path = NovawaveManagementApp;
			sourceTree = "<group>";
		};
		F2CCADF729FC671000081899 /* Preview Content */ = {
			isa = PBXGroup;
			children = (
				F2CCADF829FC671000081899 /* Preview Assets.xcassets */,
			);
			path = "Preview Content";
			sourceTree = "<group>";
		};
/* End PBXGroup section */

/* Begin PBXNativeTarget section */
		F2CCADED29FC670D00081899 /* NovawaveManagementApp */ = {
			isa = PBXNativeTarget;
			buildConfigurationList = F2CCADFC29FC671000081899 /* Build configuration list for PBXNativeTarget "NovawaveManagementApp" */;
			buildPhases = (
				F2CCADEA29FC670D00081899 /* Sources */,
				F2CCADEB29FC670D00081899 /* Frameworks */,
				F2CCADEC29FC670D00081899 /* Resources */,
			);
			buildRules = (
			);
			dependencies = (
			);
			name = NovawaveManagementApp;
			packageProductDependencies = (
				F2CCAE1029FC9A5100081899 /* FirebaseAuth */,
				F2CCAE1229FC9A5100081899 /* FirebaseFirestore */,
				F2CCAE1429FC9A5100081899 /* FirebaseFirestoreSwift */,
				F2CCAE1629FC9A5100081899 /* FirebaseStorage */,
			);
			productName = NovawaveManagementApp;
			productReference = F2CCADEE29FC670D00081899 /* NovawaveManagementApp.app */;
			productType = "com.apple.product-type.application";
		};
/* End PBXNativeTarget section */

/* Begin PBXProject section */
		F2CCADE629FC670D00081899 /* Project object */ = {
			isa = PBXProject;
			attributes = {
				BuildIndependentTargetsInParallel = 1;
				LastSwiftUpdateCheck = 1420;
				LastUpgradeCheck = 1420;
				TargetAttributes = {
					F2CCADED29FC670D00081899 = {
						CreatedOnToolsVersion = 14.2;
					};
				};
			};
			buildConfigurationList = F2CCADE929FC670D00081899 /* Build configuration list for PBXProject "NovawaveManagementApp" */;
			compatibilityVersion = "Xcode 14.0";
			developmentRegion = en;
			hasScannedForEncodings = 0;
			knownRegions = (
				en,
				Base,
			);
			mainGroup = F2CCADE529FC670D00081899;
			packageReferences = (
				F2CCAE0F29FC9A5100081899 /* XCRemoteSwiftPackageReference "firebase-ios-sdk" */,
			);
			productRefGroup = F2CCADEF29FC670D00081899 /* Products */;
			projectDirPath = "";
			projectRoot = "";
			targets = (
				F2CCADED29FC670D00081899 /* NovawaveManagementApp */,
			);
		};
/* End PBXProject section */

/* Begin PBXResourcesBuildPhase section */
		F2CCADEC29FC670D00081899 /* Resources */ = {
			isa = PBXResourcesBuildPhase;
			buildActionMask = 2147483647;
			files = (
				F2CCADF929FC671000081899 /* Preview Assets.xcassets in Resources */,
				F2CCADF629FC671000081899 /* Assets.xcassets in Resources */,
				F2CCAE0E29FC99B400081899 /* GoogleService-Info.plist in Resources */,
			);
			runOnlyForDeploymentPostprocessing = 0;
		};
/* End PBXResourcesBuildPhase section */

/* Begin PBXSourcesBuildPhase section */
		F2CCADEA29FC670D00081899 /* Sources */ = {
			isa = PBXSourcesBuildPhase;
			buildActionMask = 2147483647;
			files = (
				F2CCAE0029FC67AC00081899 /* LoginView.swift in Sources */,
				F2CCAE0A29FC6BB000081899 /* RoomView.swift in Sources */,
				F2CCADF429FC670D00081899 /* CustomerListView.swift in Sources */,
				F2CCAE0829FC6B2700081899 /* Room.swift in Sources */,
				F2CCAE0C29FC6CC100081899 /* RoomViewModel.swift in Sources */,
				F2CCAE0629FC6A2500081899 /* CustomerViewModel.swift in Sources */,
				F2CCADF229FC670D00081899 /* NovawaveManagementAppApp.swift in Sources */,
				F2CCAE0429FC684000081899 /* CustomerDetailView.swift in Sources */,
				F2CCAE0229FC681600081899 /* Customer.swift in Sources */,
			);
			runOnlyForDeploymentPostprocessing = 0;
		};
/* End PBXSourcesBuildPhase section */

/* Begin XCBuildConfiguration section */
		F2CCADFA29FC671000081899 /* Debug */ = {
			isa = XCBuildConfiguration;
			buildSettings = {
				ALWAYS_SEARCH_USER_PATHS = NO;
				CLANG_ANALYZER_NONNULL = YES;
				CLANG_ANALYZER_NUMBER_OBJECT_CONVERSION = YES_AGGRESSIVE;
				CLANG_CXX_LANGUAGE_STANDARD = "gnu++20";
				CLANG_ENABLE_MODULES = YES;
				CLANG_ENABLE_OBJC_ARC = YES;
				CLANG_ENABLE_OBJC_WEAK = YES;
				CLANG_WARN_BLOCK_CAPTURE_AUTORELEASING = YES;
				CLANG_WARN_BOOL_CONVERSION = YES;
				CLANG_WARN_COMMA = YES;
				CLANG_WARN_CONSTANT_CONVERSION = YES;
				CLANG_WARN_DEPRECATED_OBJC_IMPLEMENTATIONS = YES;
				CLANG_WARN_DIRECT_OBJC_ISA_USAGE = YES_ERROR;
				CLANG_WARN_DOCUMENTATION_COMMENTS = YES;
				CLANG_WARN_EMPTY_BODY = YES;
				CLANG_WARN_ENUM_CONVERSION = YES;
				CLANG_WARN_INFINITE_RECURSION = YES;
				CLANG_WARN_INT_CONVERSION = YES;
				CLANG_WARN_NON_LITERAL_NULL_CONVERSION = YES;
				CLANG_WARN_OBJC_IMPLICIT_RETAIN_SELF = YES;
				CLANG_WARN_OBJC_LITERAL_CONVERSION = YES;
				CLANG_WARN_OBJC_ROOT_CLASS = YES_ERROR;
				CLANG_WARN_QUOTED_INCLUDE_IN_FRAMEWORK_HEADER = YES;
				CLANG_WARN_RANGE_LOOP_ANALYSIS = YES;
				CLANG_WARN_STRICT_PROTOTYPES = YES;
				CLANG_WARN_SUSPICIOUS_MOVE = YES;
				CLANG_WARN_UNGUARDED_AVAILABILITY = YES_AGGRESSIVE;
				CLANG_WARN_UNREACHABLE_CODE = YES;
				CLANG_WARN__DUPLICATE_METHOD_MATCH = YES;
				COPY_PHASE_STRIP = NO;
				DEBUG_INFORMATION_FORMAT = dwarf;
				ENABLE_STRICT_OBJC_MSGSEND = YES;
				ENABLE_TESTABILITY = YES;
				GCC_C_LANGUAGE_STANDARD = gnu11;
				GCC_DYNAMIC_NO_PIC = NO;
				GCC_NO_COMMON_BLOCKS = YES;
				GCC_OPTIMIZATION_LEVEL = 0;
				GCC_PREPROCESSOR_DEFINITIONS = (
					"DEBUG=1",
					"$(inherited)",
				);
				GCC_WARN_64_TO_32_BIT_CONVERSION = YES;
				GCC_WARN_ABOUT_RETURN_TYPE = YES_ERROR;
				GCC_WARN_UNDECLARED_SELECTOR = YES;
				GCC_WARN_UNINITIALIZED_AUTOS = YES_AGGRESSIVE;
				GCC_WARN_UNUSED_FUNCTION = YES;
				GCC_WARN_UNUSED_VARIABLE = YES;
				IPHONEOS_DEPLOYMENT_TARGET = 16.2;
				MTL_ENABLE_DEBUG_INFO = INCLUDE_SOURCE;
				MTL_FAST_MATH = YES;
				ONLY_ACTIVE_ARCH = YES;
				SDKROOT = iphoneos;
				SWIFT_ACTIVE_COMPILATION_CONDITIONS = DEBUG;
				SWIFT_OPTIMIZATION_LEVEL = "-Onone";
			};
			name = Debug;
		};
		F2CCADFB29FC671000081899 /* Release */ = {
			isa = XCBuildConfiguration;
			buildSettings = {
				ALWAYS_SEARCH_USER_PATHS = NO;
				CLANG_ANALYZER_NONNULL = YES;
				CLANG_ANALYZER_NUMBER_OBJECT_CONVERSION = YES_AGGRESSIVE;
				CLANG_CXX_LANGUAGE_STANDARD = "gnu++20";
				CLANG_ENABLE_MODULES = YES;
				CLANG_ENABLE_OBJC_ARC = YES;
				CLANG_ENABLE_OBJC_WEAK = YES;
				CLANG_WARN_BLOCK_CAPTURE_AUTORELEASING = YES;
				CLANG_WARN_BOOL_CONVERSION = YES;
				CLANG_WARN_COMMA = YES;
				CLANG_WARN_CONSTANT_CONVERSION = YES;
				CLANG_WARN_DEPRECATED_OBJC_IMPLEMENTATIONS = YES;
				CLANG_WARN_DIRECT_OBJC_ISA_USAGE = YES_ERROR;
				CLANG_WARN_DOCUMENTATION_COMMENTS = YES;
				CLANG_WARN_EMPTY_BODY = YES;
				CLANG_WARN_ENUM_CONVERSION = YES;
				CLANG_WARN_INFINITE_RECURSION = YES;
				CLANG_WARN_INT_CONVERSION = YES;
				CLANG_WARN_NON_LITERAL_NULL_CONVERSION = YES;
				CLANG_WARN_OBJC_IMPLICIT_RETAIN_SELF = YES;
				CLANG_WARN_OBJC_LITERAL_CONVERSION = YES;
				CLANG_WARN_OBJC_ROOT_CLASS = YES_ERROR;
				CLANG_WARN_QUOTED_INCLUDE_IN_FRAMEWORK_HEADER = YES;
				CLANG_WARN_RANGE_LOOP_ANALYSIS = YES;
				CLANG_WARN_STRICT_PROTOTYPES = YES;
				CLANG_WARN_SUSPICIOUS_MOVE = YES;
				CLANG_WARN_UNGUARDED_AVAILABILITY = YES_AGGRESSIVE;
				CLANG_WARN_UNREACHABLE_CODE = YES;
				CLANG_WARN__DUPLICATE_METHOD_MATCH = YES;
				COPY_PHASE_STRIP = NO;
				DEBUG_INFORMATION_FORMAT = "dwarf-with-dsym";
				ENABLE_NS_ASSERTIONS = NO;
				ENABLE_STRICT_OBJC_MSGSEND = YES;
				GCC_C_LANGUAGE_STANDARD = gnu11;
				GCC_NO_COMMON_BLOCKS = YES;
				GCC_WARN_64_TO_32_BIT_CONVERSION = YES;
				GCC_WARN_ABOUT_RETURN_TYPE = YES_ERROR;
				GCC_WARN_UNDECLARED_SELECTOR = YES;
				GCC_WARN_UNINITIALIZED_AUTOS = YES_AGGRESSIVE;
				GCC_WARN_UNUSED_FUNCTION = YES;
				GCC_WARN_UNUSED_VARIABLE = YES;
				IPHONEOS_DEPLOYMENT_TARGET = 16.2;
				MTL_ENABLE_DEBUG_INFO = NO;
				MTL_FAST_MATH = YES;
				SDKROOT = iphoneos;
				SWIFT_COMPILATION_MODE = wholemodule;
				SWIFT_OPTIMIZATION_LEVEL = "-O";
				VALIDATE_PRODUCT = YES;
			};
			name = Release;
		};
		F2CCADFD29FC671000081899 /* Debug */ = {
			isa = XCBuildConfiguration;
			buildSettings = {
				ASSETCATALOG_COMPILER_APPICON_NAME = AppIcon;
				ASSETCATALOG_COMPILER_GLOBAL_ACCENT_COLOR_NAME = AccentColor;
				CODE_SIGN_STYLE = Automatic;
				CURRENT_PROJECT_VERSION = 1;
				DEVELOPMENT_ASSET_PATHS = "\"NovawaveManagementApp/Preview Content\"";
				DEVELOPMENT_TEAM = 47M762JY2D;
				ENABLE_PREVIEWS = YES;
				GENERATE_INFOPLIST_FILE = YES;
				INFOPLIST_KEY_UIApplicationSceneManifest_Generation = YES;
				INFOPLIST_KEY_UIApplicationSupportsIndirectInputEvents = YES;
				INFOPLIST_KEY_UILaunchScreen_Generation = YES;
				INFOPLIST_KEY_UISupportedInterfaceOrientations_iPad = "UIInterfaceOrientationPortrait UIInterfaceOrientationPortraitUpsideDown UIInterfaceOrientationLandscapeLeft UIInterfaceOrientationLandscapeRight";
				INFOPLIST_KEY_UISupportedInterfaceOrientations_iPhone = "UIInterfaceOrientationPortrait UIInterfaceOrientationLandscapeLeft UIInterfaceOrientationLandscapeRight";
				LD_RUNPATH_SEARCH_PATHS = (
					"$(inherited)",
					"@executable_path/Frameworks",
				);
				MARKETING_VERSION = 1.0;
				PRODUCT_BUNDLE_IDENTIFIER = com.piacentino.NovawaveManagementApp;
				PRODUCT_NAME = "$(TARGET_NAME)";
				SWIFT_EMIT_LOC_STRINGS = YES;
				SWIFT_VERSION = 5.0;
				TARGETED_DEVICE_FAMILY = "1,2";
			};
			name = Debug;
		};
		F2CCADFE29FC671000081899 /* Release */ = {
			isa = XCBuildConfiguration;
			buildSettings = {
				ASSETCATALOG_COMPILER_APPICON_NAME = AppIcon;
				ASSETCATALOG_COMPILER_GLOBAL_ACCENT_COLOR_NAME = AccentColor;
				CODE_SIGN_STYLE = Automatic;
				CURRENT_PROJECT_VERSION = 1;
				DEVELOPMENT_ASSET_PATHS = "\"NovawaveManagementApp/Preview Content\"";
				DEVELOPMENT_TEAM = 47M762JY2D;
				ENABLE_PREVIEWS = YES;
				GENERATE_INFOPLIST_FILE = YES;
				INFOPLIST_KEY_UIApplicationSceneManifest_Generation = YES;
				INFOPLIST_KEY_UIApplicationSupportsIndirectInputEvents = YES;
				INFOPLIST_KEY_UILaunchScreen_Generation = YES;
				INFOPLIST_KEY_UISupportedInterfaceOrientations_iPad = "UIInterfaceOrientationPortrait UIInterfaceOrientationPortraitUpsideDown UIInterfaceOrientationLandscapeLeft UIInterfaceOrientationLandscapeRight";
				INFOPLIST_KEY_UISupportedInterfaceOrientations_iPhone = "UIInterfaceOrientationPortrait UIInterfaceOrientationLandscapeLeft UIInterfaceOrientationLandscapeRight";
				LD_RUNPATH_SEARCH_PATHS = (
					"$(inherited)",
					"@executable_path/Frameworks",
				);
				MARKETING_VERSION = 1.0;
				PRODUCT_BUNDLE_IDENTIFIER = com.piacentino.NovawaveManagementApp;
				PRODUCT_NAME = "$(TARGET_NAME)";
				SWIFT_EMIT_LOC_STRINGS = YES;
				SWIFT_VERSION = 5.0;
				TARGETED_DEVICE_FAMILY = "1,2";
			};
			name = Release;
		};
/* End XCBuildConfiguration section */

/* Begin XCConfigurationList section */
		F2CCADE929FC670D00081899 /* Build configuration list for PBXProject "NovawaveManagementApp" */ = {
			isa = XCConfigurationList;
			buildConfigurations = (
				F2CCADFA29FC671000081899 /* Debug */,
				F2CCADFB29FC671000081899 /* Release */,
			);
			defaultConfigurationIsVisible = 0;
			defaultConfigurationName = Release;
		};
		F2CCADFC29FC671000081899 /* Build configuration list for PBXNativeTarget "NovawaveManagementApp" */ = {
			isa = XCConfigurationList;
			buildConfigurations = (
				F2CCADFD29FC671000081899 /* Debug */,
				F2CCADFE29FC671000081899 /* Release */,
			);
			defaultConfigurationIsVisible = 0;
			defaultConfigurationName = Release;
		};
/* End XCConfigurationList section */

/* Begin XCRemoteSwiftPackageReference section */
		F2CCAE0F29FC9A5100081899 /* XCRemoteSwiftPackageReference "firebase-ios-sdk" */ = {
			isa = XCRemoteSwiftPackageReference;
			repositoryURL = "https://github.com/firebase/firebase-ios-sdk.git";
			requirement = {
				branch = master;
				kind = branch;
			};
		};
/* End XCRemoteSwiftPackageReference section */

/* Begin XCSwiftPackageProductDependency section */
		F2CCAE1029FC9A5100081899 /* FirebaseAuth */ = {
			isa = XCSwiftPackageProductDependency;
			package = F2CCAE0F29FC9A5100081899 /* XCRemoteSwiftPackageReference "firebase-ios-sdk" */;
			productName = FirebaseAuth;
		};
		F2CCAE1229FC9A5100081899 /* FirebaseFirestore */ = {
			isa = XCSwiftPackageProductDependency;
			package = F2CCAE0F29FC9A5100081899 /* XCRemoteSwiftPackageReference "firebase-ios-sdk" */;
			productName = FirebaseFirestore;
		};
		F2CCAE1429FC9A5100081899 /* FirebaseFirestoreSwift */ = {
			isa = XCSwiftPackageProductDependency;
			package = F2CCAE0F29FC9A5100081899 /* XCRemoteSwiftPackageReference "firebase-ios-sdk" */;
			productName = FirebaseFirestoreSwift;
		};
		F2CCAE1629FC9A5100081899 /* FirebaseStorage */ = {
			isa = XCSwiftPackageProductDependency;
			package = F2CCAE0F29FC9A5100081899 /* XCRemoteSwiftPackageReference "firebase-ios-sdk" */;
			productName = FirebaseStorage;
		};
/* End XCSwiftPackageProductDependency section */
	};
	rootObject = F2CCADE629FC670D00081899 /* Project object */;
}
